
Microsoft Visual Studio Solution File, Format Version 12.00
# Visual Studio Version 17
VisualStudioVersion = 17.2.32505.173
MinimumVisualStudioVersion = 10.0.40219.1
Project("{9A19103F-16F7-4668-BE54-9A1E7A4F7556}") = "L01. Odd Lines", "L01. Odd Lines\L01. Odd Lines.csproj", "{8A0F4DB5-FB11-4ECC-9A0C-340200D382E6}"
EndProject
Project("{9A19103F-16F7-4668-BE54-9A1E7A4F7556}") = "L02. Line Numbers", "L02. Line Numbers\L02. Line Numbers.csproj", "{0C558D71-1329-46B1-BF15-BD718696FD41}"
EndProject
Project("{9A19103F-16F7-4668-BE54-9A1E7A4F7556}") = "L03. Word Count", "L03. Word Count\L03. Word Count.csproj", "{7FCB3BB7-504C-414D-88F5-F4520FB5EA11}"
EndProject
Project("{9A19103F-16F7-4668-BE54-9A1E7A4F7556}") = "L04. MergeTextFiles", "L04. MergeTextFiles\L04. MergeTextFiles.csproj", "{5C2E1931-2F62-49BC-9DBB-09BCAC11D7D3}"
EndProject
Project("{FAE04EC0-301F-11D3-BF4B-00C04F79EFBC}") = "L05. ExtractSpecialBytes", "L05. ExtractSpecialBytes\L05. ExtractSpecialBytes.csproj", "{DF513FA4-02B5-475F-A35F-7BE5C0235E97}"
EndProject
Global
	GlobalSection(SolutionConfigurationPlatforms) = preSolution
		Debug|Any CPU = Debug|Any CPU
		Release|Any CPU = Release|Any CPU
	EndGlobalSection
	GlobalSection(ProjectConfigurationPlatforms) = postSolution
		{8A0F4DB5-FB11-4ECC-9A0C-340200D382E6}.Debug|Any CPU.ActiveCfg = Debug|Any CPU
		{8A0F4DB5-FB11-4ECC-9A0C-340200D382E6}.Debug|Any CPU.Build.0 = Debug|Any CPU
		{8A0F4DB5-FB11-4ECC-9A0C-340200D382E6}.Release|Any CPU.ActiveCfg = Release|Any CPU
		{8A0F4DB5-FB11-4ECC-9A0C-340200D382E6}.Release|Any CPU.Build.0 = Release|Any CPU
		{0C558D71-1329-46B1-BF15-BD718696FD41}.Debug|Any CPU.ActiveCfg = Debug|Any CPU
		{0C558D71-1329-46B1-BF15-BD718696FD41}.Debug|Any CPU.Build.0 = Debug|Any CPU
		{0C558D71-1329-46B1-BF15-BD718696FD41}.Release|Any CPU.ActiveCfg = Release|Any CPU
		{0C558D71-1329-46B1-BF15-BD718696FD41}.Release|Any CPU.Build.0 = Release|Any CPU
		{7FCB3BB7-504C-414D-88F5-F4520FB5EA11}.Debug|Any CPU.ActiveCfg = Debug|Any CPU
		{7FCB3BB7-504C-414D-88F5-F4520FB5EA11}.Debug|Any CPU.Build.0 = Debug|Any CPU
		{7FCB3BB7-504C-414D-88F5-F4520FB5EA11}.Release|Any CPU.ActiveCfg = Release|Any CPU
		{7FCB3BB7-504C-414D-88F5-F4520FB5EA11}.Release|Any CPU.Build.0 = Release|Any CPU
		{5C2E1931-2F62-49BC-9DBB-09BCAC11D7D3}.Debug|Any CPU.ActiveCfg = Debug|Any CPU
		{5C2E1931-2F62-49BC-9DBB-09BCAC11D7D3}.Debug|Any CPU.Build.0 = Debug|Any CPU
		{5C2E1931-2F62-49BC-9DBB-09BCAC11D7D3}.Release|Any CPU.ActiveCfg = Release|Any CPU
		{5C2E1931-2F62-49BC-9DBB-09BCAC11D7D3}.Release|Any CPU.Build.0 = Release|Any CPU
		{DF513FA4-02B5-475F-A35F-7BE5C0235E97}.Debug|Any CPU.ActiveCfg = Debug|Any CPU
		{DF513FA4-02B5-475F-A35F-7BE5C0235E97}.Debug|Any CPU.Build.0 = Debug|Any CPU
		{DF513FA4-02B5-475F-A35F-7BE5C0235E97}.Release|Any CPU.ActiveCfg = Release|Any CPU
		{DF513FA4-02B5-475F-A35F-7BE5C0235E97}.Release|Any CPU.Build.0 = Release|Any CPU
	EndGlobalSection
	GlobalSection(SolutionProperties) = preSolution
		HideSolutionNode = FALSE
	EndGlobalSection
	GlobalSection(ExtensibilityGlobals) = postSolution
		SolutionGuid = {9CDCDF0E-E804-4484-AA17-2F2E3B379FEF}
	EndGlobalSection
EndGlobal
